
Microsoft Visual Studio Solution File, Format Version 12.00
# Visual Studio Version 16
VisualStudioVersion = 16.6.30114.105
MinimumVisualStudioVersion = 10.0.40219.1
Project("{9A19103F-16F7-4668-BE54-9A1E7A4F7556}") = "LMS.Web", "LMS.Web\LMS.Web.csproj", "{58E20348-6CB9-4080-B594-4F181542DAAC}"
EndProject
Project("{9A19103F-16F7-4668-BE54-9A1E7A4F7556}") = "LMS.Core", "LMS.Core\LMS.Core.csproj", "{E18B268E-DCEB-4F8D-8BDF-3747DD57EFC4}"
EndProject
Project("{9A19103F-16F7-4668-BE54-9A1E7A4F7556}") = "LMS.API", "LMS.API\LMS.API.csproj", "{FC42F67B-F200-4DE9-A2ED-A370508BC67C}"
EndProject
Project("{9A19103F-16F7-4668-BE54-9A1E7A4F7556}") = "LMS.Data", "LMS.Data\LMS.Data.csproj", "{044AC807-EDA1-4157-80FA-798D9D808891}"
EndProject
Project("{9A19103F-16F7-4668-BE54-9A1E7A4F7556}") = "LMS.Test2", "LMS.Test2\LMS.Test2.csproj", "{5CE13744-32C9-46B4-B81E-63A32C17EE2C}"
EndProject
Project("{9A19103F-16F7-4668-BE54-9A1E7A4F7556}") = "LMS.Test3", "LMS.Test3\LMS.Test3.csproj", "{5964ABEE-9111-4895-8DFC-B5BC296ACFC2}"
EndProject
Project("{FAE04EC0-301F-11D3-BF4B-00C04F79EFBC}") = "LMS.Test4", "LMS.Test4\LMS.Test4.csproj", "{E0AC7159-D749-4D1C-899D-E88EA4FD9850}"
EndProject
Global
	GlobalSection(SolutionConfigurationPlatforms) = preSolution
		Debug|Any CPU = Debug|Any CPU
		Debug|x64 = Debug|x64
		Debug|x86 = Debug|x86
		Release|Any CPU = Release|Any CPU
		Release|x64 = Release|x64
		Release|x86 = Release|x86
	EndGlobalSection
	GlobalSection(ProjectConfigurationPlatforms) = postSolution
		{58E20348-6CB9-4080-B594-4F181542DAAC}.Debug|Any CPU.ActiveCfg = Debug|Any CPU
		{58E20348-6CB9-4080-B594-4F181542DAAC}.Debug|Any CPU.Build.0 = Debug|Any CPU
		{58E20348-6CB9-4080-B594-4F181542DAAC}.Debug|x64.ActiveCfg = Debug|Any CPU
		{58E20348-6CB9-4080-B594-4F181542DAAC}.Debug|x64.Build.0 = Debug|Any CPU
		{58E20348-6CB9-4080-B594-4F181542DAAC}.Debug|x86.ActiveCfg = Debug|Any CPU
		{58E20348-6CB9-4080-B594-4F181542DAAC}.Debug|x86.Build.0 = Debug|Any CPU
		{58E20348-6CB9-4080-B594-4F181542DAAC}.Release|Any CPU.ActiveCfg = Release|Any CPU
		{58E20348-6CB9-4080-B594-4F181542DAAC}.Release|Any CPU.Build.0 = Release|Any CPU
		{58E20348-6CB9-4080-B594-4F181542DAAC}.Release|x64.ActiveCfg = Release|Any CPU
		{58E20348-6CB9-4080-B594-4F181542DAAC}.Release|x64.Build.0 = Release|Any CPU
		{58E20348-6CB9-4080-B594-4F181542DAAC}.Release|x86.ActiveCfg = Release|Any CPU
		{58E20348-6CB9-4080-B594-4F181542DAAC}.Release|x86.Build.0 = Release|Any CPU
		{E18B268E-DCEB-4F8D-8BDF-3747DD57EFC4}.Debug|Any CPU.ActiveCfg = Debug|Any CPU
		{E18B268E-DCEB-4F8D-8BDF-3747DD57EFC4}.Debug|Any CPU.Build.0 = Debug|Any CPU
		{E18B268E-DCEB-4F8D-8BDF-3747DD57EFC4}.Debug|x64.ActiveCfg = Debug|Any CPU
		{E18B268E-DCEB-4F8D-8BDF-3747DD57EFC4}.Debug|x64.Build.0 = Debug|Any CPU
		{E18B268E-DCEB-4F8D-8BDF-3747DD57EFC4}.Debug|x86.ActiveCfg = Debug|Any CPU
		{E18B268E-DCEB-4F8D-8BDF-3747DD57EFC4}.Debug|x86.Build.0 = Debug|Any CPU
		{E18B268E-DCEB-4F8D-8BDF-3747DD57EFC4}.Release|Any CPU.ActiveCfg = Release|Any CPU
		{E18B268E-DCEB-4F8D-8BDF-3747DD57EFC4}.Release|Any CPU.Build.0 = Release|Any CPU
		{E18B268E-DCEB-4F8D-8BDF-3747DD57EFC4}.Release|x64.ActiveCfg = Release|Any CPU
		{E18B268E-DCEB-4F8D-8BDF-3747DD57EFC4}.Release|x64.Build.0 = Release|Any CPU
		{E18B268E-DCEB-4F8D-8BDF-3747DD57EFC4}.Release|x86.ActiveCfg = Release|Any CPU
		{E18B268E-DCEB-4F8D-8BDF-3747DD57EFC4}.Release|x86.Build.0 = Release|Any CPU
		{FC42F67B-F200-4DE9-A2ED-A370508BC67C}.Debug|Any CPU.ActiveCfg = Debug|Any CPU
		{FC42F67B-F200-4DE9-A2ED-A370508BC67C}.Debug|Any CPU.Build.0 = Debug|Any CPU
		{FC42F67B-F200-4DE9-A2ED-A370508BC67C}.Debug|x64.ActiveCfg = Debug|Any CPU
		{FC42F67B-F200-4DE9-A2ED-A370508BC67C}.Debug|x64.Build.0 = Debug|Any CPU
		{FC42F67B-F200-4DE9-A2ED-A370508BC67C}.Debug|x86.ActiveCfg = Debug|Any CPU
		{FC42F67B-F200-4DE9-A2ED-A370508BC67C}.Debug|x86.Build.0 = Debug|Any CPU
		{FC42F67B-F200-4DE9-A2ED-A370508BC67C}.Release|Any CPU.ActiveCfg = Release|Any CPU
		{FC42F67B-F200-4DE9-A2ED-A370508BC67C}.Release|Any CPU.Build.0 = Release|Any CPU
		{FC42F67B-F200-4DE9-A2ED-A370508BC67C}.Release|x64.ActiveCfg = Release|Any CPU
		{FC42F67B-F200-4DE9-A2ED-A370508BC67C}.Release|x64.Build.0 = Release|Any CPU
		{FC42F67B-F200-4DE9-A2ED-A370508BC67C}.Release|x86.ActiveCfg = Release|Any CPU
		{FC42F67B-F200-4DE9-A2ED-A370508BC67C}.Release|x86.Build.0 = Release|Any CPU
		{044AC807-EDA1-4157-80FA-798D9D808891}.Debug|Any CPU.ActiveCfg = Debug|Any CPU
		{044AC807-EDA1-4157-80FA-798D9D808891}.Debug|Any CPU.Build.0 = Debug|Any CPU
		{044AC807-EDA1-4157-80FA-798D9D808891}.Debug|x64.ActiveCfg = Debug|Any CPU
		{044AC807-EDA1-4157-80FA-798D9D808891}.Debug|x64.Build.0 = Debug|Any CPU
		{044AC807-EDA1-4157-80FA-798D9D808891}.Debug|x86.ActiveCfg = Debug|Any CPU
		{044AC807-EDA1-4157-80FA-798D9D808891}.Debug|x86.Build.0 = Debug|Any CPU
		{044AC807-EDA1-4157-80FA-798D9D808891}.Release|Any CPU.ActiveCfg = Release|Any CPU
		{044AC807-EDA1-4157-80FA-798D9D808891}.Release|Any CPU.Build.0 = Release|Any CPU
		{044AC807-EDA1-4157-80FA-798D9D808891}.Release|x64.ActiveCfg = Release|Any CPU
		{044AC807-EDA1-4157-80FA-798D9D808891}.Release|x64.Build.0 = Release|Any CPU
		{044AC807-EDA1-4157-80FA-798D9D808891}.Release|x86.ActiveCfg = Release|Any CPU
		{044AC807-EDA1-4157-80FA-798D9D808891}.Release|x86.Build.0 = Release|Any CPU
		{5CE13744-32C9-46B4-B81E-63A32C17EE2C}.Debug|Any CPU.ActiveCfg = Debug|Any CPU
		{5CE13744-32C9-46B4-B81E-63A32C17EE2C}.Debug|Any CPU.Build.0 = Debug|Any CPU
		{5CE13744-32C9-46B4-B81E-63A32C17EE2C}.Debug|x64.ActiveCfg = Debug|Any CPU
		{5CE13744-32C9-46B4-B81E-63A32C17EE2C}.Debug|x64.Build.0 = Debug|Any CPU
		{5CE13744-32C9-46B4-B81E-63A32C17EE2C}.Debug|x86.ActiveCfg = Debug|Any CPU
		{5CE13744-32C9-46B4-B81E-63A32C17EE2C}.Debug|x86.Build.0 = Debug|Any CPU
		{5CE13744-32C9-46B4-B81E-63A32C17EE2C}.Release|Any CPU.ActiveCfg = Release|Any CPU
		{5CE13744-32C9-46B4-B81E-63A32C17EE2C}.Release|Any CPU.Build.0 = Release|Any CPU
		{5CE13744-32C9-46B4-B81E-63A32C17EE2C}.Release|x64.ActiveCfg = Release|Any CPU
		{5CE13744-32C9-46B4-B81E-63A32C17EE2C}.Release|x64.Build.0 = Release|Any CPU
		{5CE13744-32C9-46B4-B81E-63A32C17EE2C}.Release|x86.ActiveCfg = Release|Any CPU
		{5CE13744-32C9-46B4-B81E-63A32C17EE2C}.Release|x86.Build.0 = Release|Any CPU
		{5964ABEE-9111-4895-8DFC-B5BC296ACFC2}.Debug|Any CPU.ActiveCfg = Debug|Any CPU
		{5964ABEE-9111-4895-8DFC-B5BC296ACFC2}.Debug|Any CPU.Build.0 = Debug|Any CPU
		{5964ABEE-9111-4895-8DFC-B5BC296ACFC2}.Debug|x64.ActiveCfg = Debug|Any CPU
		{5964ABEE-9111-4895-8DFC-B5BC296ACFC2}.Debug|x64.Build.0 = Debug|Any CPU
		{5964ABEE-9111-4895-8DFC-B5BC296ACFC2}.Debug|x86.ActiveCfg = Debug|Any CPU
		{5964ABEE-9111-4895-8DFC-B5BC296ACFC2}.Debug|x86.Build.0 = Debug|Any CPU
		{5964ABEE-9111-4895-8DFC-B5BC296ACFC2}.Release|Any CPU.ActiveCfg = Release|Any CPU
		{5964ABEE-9111-4895-8DFC-B5BC296ACFC2}.Release|Any CPU.Build.0 = Release|Any CPU
		{5964ABEE-9111-4895-8DFC-B5BC296ACFC2}.Release|x64.ActiveCfg = Release|Any CPU
		{5964ABEE-9111-4895-8DFC-B5BC296ACFC2}.Release|x64.Build.0 = Release|Any CPU
		{5964ABEE-9111-4895-8DFC-B5BC296ACFC2}.Release|x86.ActiveCfg = Release|Any CPU
		{5964ABEE-9111-4895-8DFC-B5BC296ACFC2}.Release|x86.Build.0 = Release|Any CPU
		{E0AC7159-D749-4D1C-899D-E88EA4FD9850}.Debug|Any CPU.ActiveCfg = Debug|Any CPU
		{E0AC7159-D749-4D1C-899D-E88EA4FD9850}.Debug|Any CPU.Build.0 = Debug|Any CPU
		{E0AC7159-D749-4D1C-899D-E88EA4FD9850}.Debug|x64.ActiveCfg = Debug|Any CPU
		{E0AC7159-D749-4D1C-899D-E88EA4FD9850}.Debug|x64.Build.0 = Debug|Any CPU
		{E0AC7159-D749-4D1C-899D-E88EA4FD9850}.Debug|x86.ActiveCfg = Debug|Any CPU
		{E0AC7159-D749-4D1C-899D-E88EA4FD9850}.Debug|x86.Build.0 = Debug|Any CPU
		{E0AC7159-D749-4D1C-899D-E88EA4FD9850}.Release|Any CPU.ActiveCfg = Release|Any CPU
		{E0AC7159-D749-4D1C-899D-E88EA4FD9850}.Release|Any CPU.Build.0 = Release|Any CPU
		{E0AC7159-D749-4D1C-899D-E88EA4FD9850}.Release|x64.ActiveCfg = Release|Any CPU
		{E0AC7159-D749-4D1C-899D-E88EA4FD9850}.Release|x64.Build.0 = Release|Any CPU
		{E0AC7159-D749-4D1C-899D-E88EA4FD9850}.Release|x86.ActiveCfg = Release|Any CPU
		{E0AC7159-D749-4D1C-899D-E88EA4FD9850}.Release|x86.Build.0 = Release|Any CPU
	EndGlobalSection
	GlobalSection(SolutionProperties) = preSolution
		HideSolutionNode = FALSE
	EndGlobalSection
	GlobalSection(ExtensibilityGlobals) = postSolution
		SolutionGuid = {A8EF353A-31F5-4318-BEA7-298AA75A05EC}
	EndGlobalSection
EndGlobal
